
Microsoft Visual Studio Solution File, Format Version 12.00
# Visual Studio Version 17
VisualStudioVersion = 17.0.31903.59
MinimumVisualStudioVersion = 10.0.40219.1
Project("{FAE04EC0-301F-11D3-BF4B-00C04F79EFBC}") = "App1", "App1.csproj", "{22B8677D-7B2C-40C7-BFEC-018E4937C3EA}"
EndProject
Global
	GlobalSection(SolutionConfigurationPlatforms) = preSolution
		Debug|Any CPU = Debug|Any CPU
		Release|Any CPU = Release|Any CPU
	EndGlobalSection
	GlobalSection(ProjectConfigurationPlatforms) = postSolution
		{22B8677D-7B2C-40C7-BFEC-018E4937C3EA}.Debug|Any CPU.ActiveCfg = Debug|Any CPU
		{22B8677D-7B2C-40C7-BFEC-018E4937C3EA}.Debug|Any CPU.Build.0 = Debug|Any CPU
		{22B8677D-7B2C-40C7-BFEC-018E4937C3EA}.Release|Any CPU.ActiveCfg = Release|Any CPU
		{22B8677D-7B2C-40C7-BFEC-018E4937C3EA}.Release|Any CPU.Build.0 = Release|Any CPU
	EndGlobalSection
	GlobalSection(SolutionProperties) = preSolution
		HideSolutionNode = FALSE
	EndGlobalSection
	GlobalSection(ExtensibilityGlobals) = postSolution
		SolutionGuid = {AA216C6D-9C97-404C-BD4F-6C8A56237847}
	EndGlobalSection
EndGlobal
